
Microsoft Visual Studio Solution File, Format Version 12.00
# Visual Studio 15
VisualStudioVersion = 15.0.26124.0
MinimumVisualStudioVersion = 15.0.26124.0
Project("{2150E333-8FDC-42A3-9474-1A3956D46DE8}") = "src", "src", "{B430CBAD-3FD9-4867-889A-23036E23DEF4}"
EndProject
Project("{FAE04EC0-301F-11D3-BF4B-00C04F79EFBC}") = "TemplateMethod", "src\TemplateMethod\TemplateMethod.csproj", "{04531501-293C-4366-9B7E-05D689A7768B}"
EndProject
Project("{2150E333-8FDC-42A3-9474-1A3956D46DE8}") = "test", "test", "{3AE729E8-4BC4-477A-8817-9AEF249D1890}"
EndProject
Project("{FAE04EC0-301F-11D3-BF4B-00C04F79EFBC}") = "TemplateMethod.Tests", "test\TemplateMethod.Tests\TemplateMethod.Tests.csproj", "{D6B7F64D-EE3D-4AA1-B1FD-1C080734B413}"
EndProject
Global
	GlobalSection(SolutionConfigurationPlatforms) = preSolution
		Debug|Any CPU = Debug|Any CPU
		Debug|x64 = Debug|x64
		Debug|x86 = Debug|x86
		Release|Any CPU = Release|Any CPU
		Release|x64 = Release|x64
		Release|x86 = Release|x86
	EndGlobalSection
	GlobalSection(SolutionProperties) = preSolution
		HideSolutionNode = FALSE
	EndGlobalSection
	GlobalSection(ProjectConfigurationPlatforms) = postSolution
		{04531501-293C-4366-9B7E-05D689A7768B}.Debug|Any CPU.ActiveCfg = Debug|Any CPU
		{04531501-293C-4366-9B7E-05D689A7768B}.Debug|Any CPU.Build.0 = Debug|Any CPU
		{04531501-293C-4366-9B7E-05D689A7768B}.Debug|x64.ActiveCfg = Debug|Any CPU
		{04531501-293C-4366-9B7E-05D689A7768B}.Debug|x64.Build.0 = Debug|Any CPU
		{04531501-293C-4366-9B7E-05D689A7768B}.Debug|x86.ActiveCfg = Debug|Any CPU
		{04531501-293C-4366-9B7E-05D689A7768B}.Debug|x86.Build.0 = Debug|Any CPU
		{04531501-293C-4366-9B7E-05D689A7768B}.Release|Any CPU.ActiveCfg = Release|Any CPU
		{04531501-293C-4366-9B7E-05D689A7768B}.Release|Any CPU.Build.0 = Release|Any CPU
		{04531501-293C-4366-9B7E-05D689A7768B}.Release|x64.ActiveCfg = Release|Any CPU
		{04531501-293C-4366-9B7E-05D689A7768B}.Release|x64.Build.0 = Release|Any CPU
		{04531501-293C-4366-9B7E-05D689A7768B}.Release|x86.ActiveCfg = Release|Any CPU
		{04531501-293C-4366-9B7E-05D689A7768B}.Release|x86.Build.0 = Release|Any CPU
		{D6B7F64D-EE3D-4AA1-B1FD-1C080734B413}.Debug|Any CPU.ActiveCfg = Debug|Any CPU
		{D6B7F64D-EE3D-4AA1-B1FD-1C080734B413}.Debug|Any CPU.Build.0 = Debug|Any CPU
		{D6B7F64D-EE3D-4AA1-B1FD-1C080734B413}.Debug|x64.ActiveCfg = Debug|Any CPU
		{D6B7F64D-EE3D-4AA1-B1FD-1C080734B413}.Debug|x64.Build.0 = Debug|Any CPU
		{D6B7F64D-EE3D-4AA1-B1FD-1C080734B413}.Debug|x86.ActiveCfg = Debug|Any CPU
		{D6B7F64D-EE3D-4AA1-B1FD-1C080734B413}.Debug|x86.Build.0 = Debug|Any CPU
		{D6B7F64D-EE3D-4AA1-B1FD-1C080734B413}.Release|Any CPU.ActiveCfg = Release|Any CPU
		{D6B7F64D-EE3D-4AA1-B1FD-1C080734B413}.Release|Any CPU.Build.0 = Release|Any CPU
		{D6B7F64D-EE3D-4AA1-B1FD-1C080734B413}.Release|x64.ActiveCfg = Release|Any CPU
		{D6B7F64D-EE3D-4AA1-B1FD-1C080734B413}.Release|x64.Build.0 = Release|Any CPU
		{D6B7F64D-EE3D-4AA1-B1FD-1C080734B413}.Release|x86.ActiveCfg = Release|Any CPU
		{D6B7F64D-EE3D-4AA1-B1FD-1C080734B413}.Release|x86.Build.0 = Release|Any CPU
	EndGlobalSection
	GlobalSection(NestedProjects) = preSolution
		{04531501-293C-4366-9B7E-05D689A7768B} = {B430CBAD-3FD9-4867-889A-23036E23DEF4}
		{D6B7F64D-EE3D-4AA1-B1FD-1C080734B413} = {3AE729E8-4BC4-477A-8817-9AEF249D1890}
	EndGlobalSection
EndGlobal
