
Microsoft Visual Studio Solution File, Format Version 12.00
# Visual Studio 15
VisualStudioVersion = 15.0.26124.0
MinimumVisualStudioVersion = 15.0.26124.0
Project("{9A19103F-16F7-4668-BE54-9A1E7A4F7556}") = "DTOs", "UC1\DTOs.csproj", "{23E992AE-FD07-4BAF-AEC3-BF40F38E01AB}"
EndProject
Project("{2150E333-8FDC-42A3-9474-1A3956D46DE8}") = "Use Case 2", "Use Case 2", "{3955E6C7-3091-4EC9-8B54-6A1607C2DA00}"
EndProject
Project("{2150E333-8FDC-42A3-9474-1A3956D46DE8}") = "Use Case 1", "Use Case 1", "{62C66A6E-10FE-469F-A239-D07DD59B91D2}"
EndProject
Project("{FAE04EC0-301F-11D3-BF4B-00C04F79EFBC}") = "My.Api", "UC2\My.Api\My.Api.csproj", "{6566FAAD-2638-45FE-AFCD-35AF2A2004E5}"
EndProject
Project("{FAE04EC0-301F-11D3-BF4B-00C04F79EFBC}") = "My.Api.Contracts", "UC2\My.Api.Contracts\My.Api.Contracts.csproj", "{D376C766-55A7-4D37-9131-830017BAB46B}"
EndProject
Project("{FAE04EC0-301F-11D3-BF4B-00C04F79EFBC}") = "My.Client", "UC2\My.Client\My.Client.csproj", "{2DB54EE8-7264-4916-BD78-0DD740091848}"
EndProject
Global
	GlobalSection(SolutionConfigurationPlatforms) = preSolution
		Debug|Any CPU = Debug|Any CPU
		Debug|x64 = Debug|x64
		Debug|x86 = Debug|x86
		Release|Any CPU = Release|Any CPU
		Release|x64 = Release|x64
		Release|x86 = Release|x86
	EndGlobalSection
	GlobalSection(ProjectConfigurationPlatforms) = postSolution
		{23E992AE-FD07-4BAF-AEC3-BF40F38E01AB}.Debug|Any CPU.ActiveCfg = Debug|Any CPU
		{23E992AE-FD07-4BAF-AEC3-BF40F38E01AB}.Debug|Any CPU.Build.0 = Debug|Any CPU
		{23E992AE-FD07-4BAF-AEC3-BF40F38E01AB}.Debug|x64.ActiveCfg = Debug|Any CPU
		{23E992AE-FD07-4BAF-AEC3-BF40F38E01AB}.Debug|x64.Build.0 = Debug|Any CPU
		{23E992AE-FD07-4BAF-AEC3-BF40F38E01AB}.Debug|x86.ActiveCfg = Debug|Any CPU
		{23E992AE-FD07-4BAF-AEC3-BF40F38E01AB}.Debug|x86.Build.0 = Debug|Any CPU
		{23E992AE-FD07-4BAF-AEC3-BF40F38E01AB}.Release|Any CPU.ActiveCfg = Release|Any CPU
		{23E992AE-FD07-4BAF-AEC3-BF40F38E01AB}.Release|Any CPU.Build.0 = Release|Any CPU
		{23E992AE-FD07-4BAF-AEC3-BF40F38E01AB}.Release|x64.ActiveCfg = Release|Any CPU
		{23E992AE-FD07-4BAF-AEC3-BF40F38E01AB}.Release|x64.Build.0 = Release|Any CPU
		{23E992AE-FD07-4BAF-AEC3-BF40F38E01AB}.Release|x86.ActiveCfg = Release|Any CPU
		{23E992AE-FD07-4BAF-AEC3-BF40F38E01AB}.Release|x86.Build.0 = Release|Any CPU
		{6566FAAD-2638-45FE-AFCD-35AF2A2004E5}.Debug|Any CPU.ActiveCfg = Debug|Any CPU
		{6566FAAD-2638-45FE-AFCD-35AF2A2004E5}.Debug|Any CPU.Build.0 = Debug|Any CPU
		{6566FAAD-2638-45FE-AFCD-35AF2A2004E5}.Debug|x64.ActiveCfg = Debug|Any CPU
		{6566FAAD-2638-45FE-AFCD-35AF2A2004E5}.Debug|x64.Build.0 = Debug|Any CPU
		{6566FAAD-2638-45FE-AFCD-35AF2A2004E5}.Debug|x86.ActiveCfg = Debug|Any CPU
		{6566FAAD-2638-45FE-AFCD-35AF2A2004E5}.Debug|x86.Build.0 = Debug|Any CPU
		{6566FAAD-2638-45FE-AFCD-35AF2A2004E5}.Release|Any CPU.ActiveCfg = Release|Any CPU
		{6566FAAD-2638-45FE-AFCD-35AF2A2004E5}.Release|Any CPU.Build.0 = Release|Any CPU
		{6566FAAD-2638-45FE-AFCD-35AF2A2004E5}.Release|x64.ActiveCfg = Release|Any CPU
		{6566FAAD-2638-45FE-AFCD-35AF2A2004E5}.Release|x64.Build.0 = Release|Any CPU
		{6566FAAD-2638-45FE-AFCD-35AF2A2004E5}.Release|x86.ActiveCfg = Release|Any CPU
		{6566FAAD-2638-45FE-AFCD-35AF2A2004E5}.Release|x86.Build.0 = Release|Any CPU
		{D376C766-55A7-4D37-9131-830017BAB46B}.Debug|Any CPU.ActiveCfg = Debug|Any CPU
		{D376C766-55A7-4D37-9131-830017BAB46B}.Debug|Any CPU.Build.0 = Debug|Any CPU
		{D376C766-55A7-4D37-9131-830017BAB46B}.Debug|x64.ActiveCfg = Debug|Any CPU
		{D376C766-55A7-4D37-9131-830017BAB46B}.Debug|x64.Build.0 = Debug|Any CPU
		{D376C766-55A7-4D37-9131-830017BAB46B}.Debug|x86.ActiveCfg = Debug|Any CPU
		{D376C766-55A7-4D37-9131-830017BAB46B}.Debug|x86.Build.0 = Debug|Any CPU
		{D376C766-55A7-4D37-9131-830017BAB46B}.Release|Any CPU.ActiveCfg = Release|Any CPU
		{D376C766-55A7-4D37-9131-830017BAB46B}.Release|Any CPU.Build.0 = Release|Any CPU
		{D376C766-55A7-4D37-9131-830017BAB46B}.Release|x64.ActiveCfg = Release|Any CPU
		{D376C766-55A7-4D37-9131-830017BAB46B}.Release|x64.Build.0 = Release|Any CPU
		{D376C766-55A7-4D37-9131-830017BAB46B}.Release|x86.ActiveCfg = Release|Any CPU
		{D376C766-55A7-4D37-9131-830017BAB46B}.Release|x86.Build.0 = Release|Any CPU
		{2DB54EE8-7264-4916-BD78-0DD740091848}.Debug|Any CPU.ActiveCfg = Debug|Any CPU
		{2DB54EE8-7264-4916-BD78-0DD740091848}.Debug|Any CPU.Build.0 = Debug|Any CPU
		{2DB54EE8-7264-4916-BD78-0DD740091848}.Debug|x64.ActiveCfg = Debug|Any CPU
		{2DB54EE8-7264-4916-BD78-0DD740091848}.Debug|x64.Build.0 = Debug|Any CPU
		{2DB54EE8-7264-4916-BD78-0DD740091848}.Debug|x86.ActiveCfg = Debug|Any CPU
		{2DB54EE8-7264-4916-BD78-0DD740091848}.Debug|x86.Build.0 = Debug|Any CPU
		{2DB54EE8-7264-4916-BD78-0DD740091848}.Release|Any CPU.ActiveCfg = Release|Any CPU
		{2DB54EE8-7264-4916-BD78-0DD740091848}.Release|Any CPU.Build.0 = Release|Any CPU
		{2DB54EE8-7264-4916-BD78-0DD740091848}.Release|x64.ActiveCfg = Release|Any CPU
		{2DB54EE8-7264-4916-BD78-0DD740091848}.Release|x64.Build.0 = Release|Any CPU
		{2DB54EE8-7264-4916-BD78-0DD740091848}.Release|x86.ActiveCfg = Release|Any CPU
		{2DB54EE8-7264-4916-BD78-0DD740091848}.Release|x86.Build.0 = Release|Any CPU
	EndGlobalSection
	GlobalSection(SolutionProperties) = preSolution
		HideSolutionNode = FALSE
	EndGlobalSection
	GlobalSection(NestedProjects) = preSolution
		{23E992AE-FD07-4BAF-AEC3-BF40F38E01AB} = {62C66A6E-10FE-469F-A239-D07DD59B91D2}
		{6566FAAD-2638-45FE-AFCD-35AF2A2004E5} = {3955E6C7-3091-4EC9-8B54-6A1607C2DA00}
		{D376C766-55A7-4D37-9131-830017BAB46B} = {3955E6C7-3091-4EC9-8B54-6A1607C2DA00}
		{2DB54EE8-7264-4916-BD78-0DD740091848} = {3955E6C7-3091-4EC9-8B54-6A1607C2DA00}
	EndGlobalSection
	GlobalSection(ExtensibilityGlobals) = postSolution
		SolutionGuid = {2AD85CDE-1E80-4878-B5B9-C6F08C69E3A7}
	EndGlobalSection
EndGlobal
