
Microsoft Visual Studio Solution File, Format Version 12.00
# Visual Studio 15
VisualStudioVersion = 15.0.26124.0
MinimumVisualStudioVersion = 15.0.26124.0
Project("{2150E333-8FDC-42A3-9474-1A3956D46DE8}") = "src", "src", "{9A6C4E68-46B6-4021-B493-86207D21760C}"
EndProject
Project("{FAE04EC0-301F-11D3-BF4B-00C04F79EFBC}") = "PageController", "src\PageController\PageController.csproj", "{2D133E39-AF58-4E2F-9FD4-F60C57DC4482}"
EndProject
Project("{2150E333-8FDC-42A3-9474-1A3956D46DE8}") = "test", "test", "{7B76C00C-7AA0-4C90-9008-41A621B1B3C9}"
EndProject
Project("{FAE04EC0-301F-11D3-BF4B-00C04F79EFBC}") = "PageController.Tests", "test\PageController.Tests\PageController.Tests.csproj", "{988119BC-CD7A-4954-A0EB-FAE829D4EC61}"
EndProject
Global
	GlobalSection(SolutionConfigurationPlatforms) = preSolution
		Debug|Any CPU = Debug|Any CPU
		Debug|x64 = Debug|x64
		Debug|x86 = Debug|x86
		Release|Any CPU = Release|Any CPU
		Release|x64 = Release|x64
		Release|x86 = Release|x86
	EndGlobalSection
	GlobalSection(SolutionProperties) = preSolution
		HideSolutionNode = FALSE
	EndGlobalSection
	GlobalSection(ProjectConfigurationPlatforms) = postSolution
		{2D133E39-AF58-4E2F-9FD4-F60C57DC4482}.Debug|Any CPU.ActiveCfg = Debug|Any CPU
		{2D133E39-AF58-4E2F-9FD4-F60C57DC4482}.Debug|Any CPU.Build.0 = Debug|Any CPU
		{2D133E39-AF58-4E2F-9FD4-F60C57DC4482}.Debug|x64.ActiveCfg = Debug|Any CPU
		{2D133E39-AF58-4E2F-9FD4-F60C57DC4482}.Debug|x64.Build.0 = Debug|Any CPU
		{2D133E39-AF58-4E2F-9FD4-F60C57DC4482}.Debug|x86.ActiveCfg = Debug|Any CPU
		{2D133E39-AF58-4E2F-9FD4-F60C57DC4482}.Debug|x86.Build.0 = Debug|Any CPU
		{2D133E39-AF58-4E2F-9FD4-F60C57DC4482}.Release|Any CPU.ActiveCfg = Release|Any CPU
		{2D133E39-AF58-4E2F-9FD4-F60C57DC4482}.Release|Any CPU.Build.0 = Release|Any CPU
		{2D133E39-AF58-4E2F-9FD4-F60C57DC4482}.Release|x64.ActiveCfg = Release|Any CPU
		{2D133E39-AF58-4E2F-9FD4-F60C57DC4482}.Release|x64.Build.0 = Release|Any CPU
		{2D133E39-AF58-4E2F-9FD4-F60C57DC4482}.Release|x86.ActiveCfg = Release|Any CPU
		{2D133E39-AF58-4E2F-9FD4-F60C57DC4482}.Release|x86.Build.0 = Release|Any CPU
		{988119BC-CD7A-4954-A0EB-FAE829D4EC61}.Debug|Any CPU.ActiveCfg = Debug|Any CPU
		{988119BC-CD7A-4954-A0EB-FAE829D4EC61}.Debug|Any CPU.Build.0 = Debug|Any CPU
		{988119BC-CD7A-4954-A0EB-FAE829D4EC61}.Debug|x64.ActiveCfg = Debug|Any CPU
		{988119BC-CD7A-4954-A0EB-FAE829D4EC61}.Debug|x64.Build.0 = Debug|Any CPU
		{988119BC-CD7A-4954-A0EB-FAE829D4EC61}.Debug|x86.ActiveCfg = Debug|Any CPU
		{988119BC-CD7A-4954-A0EB-FAE829D4EC61}.Debug|x86.Build.0 = Debug|Any CPU
		{988119BC-CD7A-4954-A0EB-FAE829D4EC61}.Release|Any CPU.ActiveCfg = Release|Any CPU
		{988119BC-CD7A-4954-A0EB-FAE829D4EC61}.Release|Any CPU.Build.0 = Release|Any CPU
		{988119BC-CD7A-4954-A0EB-FAE829D4EC61}.Release|x64.ActiveCfg = Release|Any CPU
		{988119BC-CD7A-4954-A0EB-FAE829D4EC61}.Release|x64.Build.0 = Release|Any CPU
		{988119BC-CD7A-4954-A0EB-FAE829D4EC61}.Release|x86.ActiveCfg = Release|Any CPU
		{988119BC-CD7A-4954-A0EB-FAE829D4EC61}.Release|x86.Build.0 = Release|Any CPU
	EndGlobalSection
	GlobalSection(NestedProjects) = preSolution
		{2D133E39-AF58-4E2F-9FD4-F60C57DC4482} = {9A6C4E68-46B6-4021-B493-86207D21760C}
		{988119BC-CD7A-4954-A0EB-FAE829D4EC61} = {7B76C00C-7AA0-4C90-9008-41A621B1B3C9}
	EndGlobalSection
EndGlobal
